// !$*UTF8*$!
{
	archiveVersion = 1;
	classes = {
	};
	objectVersion = 77;
	objects = {

/* Begin PBXBuildFile section */
		82FAB3EE2DA7B73E0017D9B4 /* libPhoneNumber in Frameworks */ = {isa = PBXBuildFile; productRef = 82FAB3ED2DA7B73E0017D9B4 /* libPhoneNumber */; };
		82FAB3F12DA7B7990017D9B4 /* CountryPickerView in Frameworks */ = {isa = PBXBuildFile; productRef = 82FAB3F02DA7B7990017D9B4 /* CountryPickerView */; };
/* End PBXBuildFile section */

/* Begin PBXContainerItemProxy section */
		82FAB3D02DA7B6D90017D9B4 /* PBXContainerItemProxy */ = {
			isa = PBXContainerItemProxy;
			containerPortal = 82FAB3B72DA7B6D70017D9B4 /* Project object */;
			proxyType = 1;
			remoteGlobalIDString = 82FAB3BE2DA7B6D70017D9B4;
			remoteInfo = PhoneValidationApp;
		};
		82FAB3DA2DA7B6D90017D9B4 /* PBXContainerItemProxy */ = {
			isa = PBXContainerItemProxy;
			containerPortal = 82FAB3B72DA7B6D70017D9B4 /* Project object */;
			proxyType = 1;
			remoteGlobalIDString = 82FAB3BE2DA7B6D70017D9B4;
			remoteInfo = PhoneValidationApp;
		};
/* End PBXContainerItemProxy section */

/* Begin PBXFileReference section */
		82FAB3BF2DA7B6D70017D9B4 /* PhoneValidationApp.app */ = {isa = PBXFileReference; explicitFileType = wrapper.application; includeInIndex = 0; path = PhoneValidationApp.app; sourceTree = BUILT_PRODUCTS_DIR; };
		82FAB3CF2DA7B6D90017D9B4 /* PhoneValidationAppTests.xctest */ = {isa = PBXFileReference; explicitFileType = wrapper.cfbundle; includeInIndex = 0; path = PhoneValidationAppTests.xctest; sourceTree = BUILT_PRODUCTS_DIR; };
		82FAB3D92DA7B6D90017D9B4 /* PhoneValidationAppUITests.xctest */ = {isa = PBXFileReference; explicitFileType = wrapper.cfbundle; includeInIndex = 0; path = PhoneValidationAppUITests.xctest; sourceTree = BUILT_PRODUCTS_DIR; };
/* End PBXFileReference section */

/* Begin PBXFileSystemSynchronizedRootGroup section */
		82FAB3C12DA7B6D70017D9B4 /* PhoneValidationApp */ = {
			isa = PBXFileSystemSynchronizedRootGroup;
			path = PhoneValidationApp;
			sourceTree = "<group>";
		};
		82FAB3D22DA7B6D90017D9B4 /* PhoneValidationAppTests */ = {
			isa = PBXFileSystemSynchronizedRootGroup;
			path = PhoneValidationAppTests;
			sourceTree = "<group>";
		};
		82FAB3DC2DA7B6D90017D9B4 /* PhoneValidationAppUITests */ = {
			isa = PBXFileSystemSynchronizedRootGroup;
			path = PhoneValidationAppUITests;
			sourceTree = "<group>";
		};
/* End PBXFileSystemSynchronizedRootGroup section */

/* Begin PBXFrameworksBuildPhase section */
		82FAB3BC2DA7B6D70017D9B4 /* Frameworks */ = {
			isa = PBXFrameworksBuildPhase;
			buildActionMask = 2147483647;
			files = (
				82FAB3F12DA7B7990017D9B4 /* CountryPickerView in Frameworks */,
				82FAB3EE2DA7B73E0017D9B4 /* libPhoneNumber in Frameworks */,
			);
			runOnlyForDeploymentPostprocessing = 0;
		};
		82FAB3CC2DA7B6D90017D9B4 /* Frameworks */ = {
			isa = PBXFrameworksBuildPhase;
			buildActionMask = 2147483647;
			files = (
			);
			runOnlyForDeploymentPostprocessing = 0;
		};
		82FAB3D62DA7B6D90017D9B4 /* Frameworks */ = {
			isa = PBXFrameworksBuildPhase;
			buildActionMask = 2147483647;
			files = (
			);
			runOnlyForDeploymentPostprocessing = 0;
		};
/* End PBXFrameworksBuildPhase section */

/* Begin PBXGroup section */
		82FAB3B62DA7B6D70017D9B4 = {
			isa = PBXGroup;
			children = (
				82FAB3C12DA7B6D70017D9B4 /* PhoneValidationApp */,
				82FAB3D22DA7B6D90017D9B4 /* PhoneValidationAppTests */,
				82FAB3DC2DA7B6D90017D9B4 /* PhoneValidationAppUITests */,
				82FAB3C02DA7B6D70017D9B4 /* Products */,
			);
			sourceTree = "<group>";
		};
		82FAB3C02DA7B6D70017D9B4 /* Products */ = {
			isa = PBXGroup;
			children = (
				82FAB3BF2DA7B6D70017D9B4 /* PhoneValidationApp.app */,
				82FAB3CF2DA7B6D90017D9B4 /* PhoneValidationAppTests.xctest */,
				82FAB3D92DA7B6D90017D9B4 /* PhoneValidationAppUITests.xctest */,
			);
			name = Products;
			sourceTree = "<group>";
		};
/* End PBXGroup section */

/* Begin PBXNativeTarget section */
		82FAB3BE2DA7B6D70017D9B4 /* PhoneValidationApp */ = {
			isa = PBXNativeTarget;
			buildConfigurationList = 82FAB3E32DA7B6D90017D9B4 /* Build configuration list for PBXNativeTarget "PhoneValidationApp" */;
			buildPhases = (
				82FAB3BB2DA7B6D70017D9B4 /* Sources */,
				82FAB3BC2DA7B6D70017D9B4 /* Frameworks */,
				82FAB3BD2DA7B6D70017D9B4 /* Resources */,
			);
			buildRules = (
			);
			dependencies = (
			);
			fileSystemSynchronizedGroups = (
				82FAB3C12DA7B6D70017D9B4 /* PhoneValidationApp */,
			);
			name = PhoneValidationApp;
			packageProductDependencies = (
				82FAB3ED2DA7B73E0017D9B4 /* libPhoneNumber */,
				82FAB3F02DA7B7990017D9B4 /* CountryPickerView */,
			);
			productName = PhoneValidationApp;
			productReference = 82FAB3BF2DA7B6D70017D9B4 /* PhoneValidationApp.app */;
			productType = "com.apple.product-type.application";
		};
		82FAB3CE2DA7B6D90017D9B4 /* PhoneValidationAppTests */ = {
			isa = PBXNativeTarget;
			buildConfigurationList = 82FAB3E62DA7B6D90017D9B4 /* Build configuration list for PBXNativeTarget "PhoneValidationAppTests" */;
			buildPhases = (
				82FAB3CB2DA7B6D90017D9B4 /* Sources */,
				82FAB3CC2DA7B6D90017D9B4 /* Frameworks */,
				82FAB3CD2DA7B6D90017D9B4 /* Resources */,
			);
			buildRules = (
			);
			dependencies = (
				82FAB3D12DA7B6D90017D9B4 /* PBXTargetDependency */,
			);
			fileSystemSynchronizedGroups = (
				82FAB3D22DA7B6D90017D9B4 /* PhoneValidationAppTests */,
			);
			name = PhoneValidationAppTests;
			packageProductDependencies = (
			);
			productName = PhoneValidationAppTests;
			productReference = 82FAB3CF2DA7B6D90017D9B4 /* PhoneValidationAppTests.xctest */;
			productType = "com.apple.product-type.bundle.unit-test";
		};
		82FAB3D82DA7B6D90017D9B4 /* PhoneValidationAppUITests */ = {
			isa = PBXNativeTarget;
			buildConfigurationList = 82FAB3E92DA7B6D90017D9B4 /* Build configuration list for PBXNativeTarget "PhoneValidationAppUITests" */;
			buildPhases = (
				82FAB3D52DA7B6D90017D9B4 /* Sources */,
				82FAB3D62DA7B6D90017D9B4 /* Frameworks */,
				82FAB3D72DA7B6D90017D9B4 /* Resources */,
			);
			buildRules = (
			);
			dependencies = (
				82FAB3DB2DA7B6D90017D9B4 /* PBXTargetDependency */,
			);
			fileSystemSynchronizedGroups = (
				82FAB3DC2DA7B6D90017D9B4 /* PhoneValidationAppUITests */,
			);
			name = PhoneValidationAppUITests;
			packageProductDependencies = (
			);
			productName = PhoneValidationAppUITests;
			productReference = 82FAB3D92DA7B6D90017D9B4 /* PhoneValidationAppUITests.xctest */;
			productType = "com.apple.product-type.bundle.ui-testing";
		};
/* End PBXNativeTarget section */

/* Begin PBXProject section */
		82FAB3B72DA7B6D70017D9B4 /* Project object */ = {
			isa = PBXProject;
			attributes = {
				BuildIndependentTargetsInParallel = 1;
				LastSwiftUpdateCheck = 1620;
				LastUpgradeCheck = 1620;
				TargetAttributes = {
					82FAB3BE2DA7B6D70017D9B4 = {
						CreatedOnToolsVersion = 16.2;
					};
					82FAB3CE2DA7B6D90017D9B4 = {
						CreatedOnToolsVersion = 16.2;
						TestTargetID = 82FAB3BE2DA7B6D70017D9B4;
					};
					82FAB3D82DA7B6D90017D9B4 = {
						CreatedOnToolsVersion = 16.2;
						TestTargetID = 82FAB3BE2DA7B6D70017D9B4;
					};
				};
			};
			buildConfigurationList = 82FAB3BA2DA7B6D70017D9B4 /* Build configuration list for PBXProject "PhoneValidationApp" */;
			developmentRegion = en;
			hasScannedForEncodings = 0;
			knownRegions = (
				en,
				Base,
			);
			mainGroup = 82FAB3B62DA7B6D70017D9B4;
			minimizedProjectReferenceProxies = 1;
			packageReferences = (
				82FAB3EC2DA7B73E0017D9B4 /* XCRemoteSwiftPackageReference "libPhoneNumber-iOS" */,
				82FAB3EF2DA7B7990017D9B4 /* XCRemoteSwiftPackageReference "CountryPickerView" */,
			);
			preferredProjectObjectVersion = 77;
			productRefGroup = 82FAB3C02DA7B6D70017D9B4 /* Products */;
			projectDirPath = "";
			projectRoot = "";
			targets = (
				82FAB3BE2DA7B6D70017D9B4 /* PhoneValidationApp */,
				82FAB3CE2DA7B6D90017D9B4 /* PhoneValidationAppTests */,
				82FAB3D82DA7B6D90017D9B4 /* PhoneValidationAppUITests */,
			);
		};
/* End PBXProject section */

/* Begin PBXResourcesBuildPhase section */
		82FAB3BD2DA7B6D70017D9B4 /* Resources */ = {
			isa = PBXResourcesBuildPhase;
			buildActionMask = 2147483647;
			files = (
			);
			runOnlyForDeploymentPostprocessing = 0;
		};
		82FAB3CD2DA7B6D90017D9B4 /* Resources */ = {
			isa = PBXResourcesBuildPhase;
			buildActionMask = 2147483647;
			files = (
			);
			runOnlyForDeploymentPostprocessing = 0;
		};
		82FAB3D72DA7B6D90017D9B4 /* Resources */ = {
			isa = PBXResourcesBuildPhase;
			buildActionMask = 2147483647;
			files = (
			);
			runOnlyForDeploymentPostprocessing = 0;
		};
/* End PBXResourcesBuildPhase section */

/* Begin PBXSourcesBuildPhase section */
		82FAB3BB2DA7B6D70017D9B4 /* Sources */ = {
			isa = PBXSourcesBuildPhase;
			buildActionMask = 2147483647;
			files = (
			);
			runOnlyForDeploymentPostprocessing = 0;
		};
		82FAB3CB2DA7B6D90017D9B4 /* Sources */ = {
			isa = PBXSourcesBuildPhase;
			buildActionMask = 2147483647;
			files = (
			);
			runOnlyForDeploymentPostprocessing = 0;
		};
		82FAB3D52DA7B6D90017D9B4 /* Sources */ = {
			isa = PBXSourcesBuildPhase;
			buildActionMask = 2147483647;
			files = (
			);
			runOnlyForDeploymentPostprocessing = 0;
		};
/* End PBXSourcesBuildPhase section */

/* Begin PBXTargetDependency section */
		82FAB3D12DA7B6D90017D9B4 /* PBXTargetDependency */ = {
			isa = PBXTargetDependency;
			target = 82FAB3BE2DA7B6D70017D9B4 /* PhoneValidationApp */;
			targetProxy = 82FAB3D02DA7B6D90017D9B4 /* PBXContainerItemProxy */;
		};
		82FAB3DB2DA7B6D90017D9B4 /* PBXTargetDependency */ = {
			isa = PBXTargetDependency;
			target = 82FAB3BE2DA7B6D70017D9B4 /* PhoneValidationApp */;
			targetProxy = 82FAB3DA2DA7B6D90017D9B4 /* PBXContainerItemProxy */;
		};
/* End PBXTargetDependency section */

/* Begin XCBuildConfiguration section */
		82FAB3E12DA7B6D90017D9B4 /* Debug */ = {
			isa = XCBuildConfiguration;
			buildSettings = {
				ALWAYS_SEARCH_USER_PATHS = NO;
				ASSETCATALOG_COMPILER_GENERATE_SWIFT_ASSET_SYMBOL_EXTENSIONS = YES;
				CLANG_ANALYZER_NONNULL = YES;
				CLANG_ANALYZER_NUMBER_OBJECT_CONVERSION = YES_AGGRESSIVE;
				CLANG_CXX_LANGUAGE_STANDARD = "gnu++20";
				CLANG_ENABLE_MODULES = YES;
				CLANG_ENABLE_OBJC_ARC = YES;
				CLANG_ENABLE_OBJC_WEAK = YES;
				CLANG_WARN_BLOCK_CAPTURE_AUTORELEASING = YES;
				CLANG_WARN_BOOL_CONVERSION = YES;
				CLANG_WARN_COMMA = YES;
				CLANG_WARN_CONSTANT_CONVERSION = YES;
				CLANG_WARN_DEPRECATED_OBJC_IMPLEMENTATIONS = YES;
				CLANG_WARN_DIRECT_OBJC_ISA_USAGE = YES_ERROR;
				CLANG_WARN_DOCUMENTATION_COMMENTS = YES;
				CLANG_WARN_EMPTY_BODY = YES;
				CLANG_WARN_ENUM_CONVERSION = YES;
				CLANG_WARN_INFINITE_RECURSION = YES;
				CLANG_WARN_INT_CONVERSION = YES;
				CLANG_WARN_NON_LITERAL_NULL_CONVERSION = YES;
				CLANG_WARN_OBJC_IMPLICIT_RETAIN_SELF = YES;
				CLANG_WARN_OBJC_LITERAL_CONVERSION = YES;
				CLANG_WARN_OBJC_ROOT_CLASS = YES_ERROR;
				CLANG_WARN_QUOTED_INCLUDE_IN_FRAMEWORK_HEADER = YES;
				CLANG_WARN_RANGE_LOOP_ANALYSIS = YES;
				CLANG_WARN_STRICT_PROTOTYPES = YES;
				CLANG_WARN_SUSPICIOUS_MOVE = YES;
				CLANG_WARN_UNGUARDED_AVAILABILITY = YES_AGGRESSIVE;
				CLANG_WARN_UNREACHABLE_CODE = YES;
				CLANG_WARN__DUPLICATE_METHOD_MATCH = YES;
				COPY_PHASE_STRIP = NO;
				DEBUG_INFORMATION_FORMAT = dwarf;
				ENABLE_STRICT_OBJC_MSGSEND = YES;
				ENABLE_TESTABILITY = YES;
				ENABLE_USER_SCRIPT_SANDBOXING = YES;
				GCC_C_LANGUAGE_STANDARD = gnu17;
				GCC_DYNAMIC_NO_PIC = NO;
				GCC_NO_COMMON_BLOCKS = YES;
				GCC_OPTIMIZATION_LEVEL = 0;
				GCC_PREPROCESSOR_DEFINITIONS = (
					"DEBUG=1",
					"$(inherited)",
				);
				GCC_WARN_64_TO_32_BIT_CONVERSION = YES;
				GCC_WARN_ABOUT_RETURN_TYPE = YES_ERROR;
				GCC_WARN_UNDECLARED_SELECTOR = YES;
				GCC_WARN_UNINITIALIZED_AUTOS = YES_AGGRESSIVE;
				GCC_WARN_UNUSED_FUNCTION = YES;
				GCC_WARN_UNUSED_VARIABLE = YES;
				IPHONEOS_DEPLOYMENT_TARGET = 18.2;
				LOCALIZATION_PREFERS_STRING_CATALOGS = YES;
				MTL_ENABLE_DEBUG_INFO = INCLUDE_SOURCE;
				MTL_FAST_MATH = YES;
				ONLY_ACTIVE_ARCH = YES;
				SDKROOT = iphoneos;
				SWIFT_ACTIVE_COMPILATION_CONDITIONS = "DEBUG $(inherited)";
				SWIFT_OPTIMIZATION_LEVEL = "-Onone";
			};
			name = Debug;
		};
		82FAB3E22DA7B6D90017D9B4 /* Release */ = {
			isa = XCBuildConfiguration;
			buildSettings = {
				ALWAYS_SEARCH_USER_PATHS = NO;
				ASSETCATALOG_COMPILER_GENERATE_SWIFT_ASSET_SYMBOL_EXTENSIONS = YES;
				CLANG_ANALYZER_NONNULL = YES;
				CLANG_ANALYZER_NUMBER_OBJECT_CONVERSION = YES_AGGRESSIVE;
				CLANG_CXX_LANGUAGE_STANDARD = "gnu++20";
				CLANG_ENABLE_MODULES = YES;
				CLANG_ENABLE_OBJC_ARC = YES;
				CLANG_ENABLE_OBJC_WEAK = YES;
				CLANG_WARN_BLOCK_CAPTURE_AUTORELEASING = YES;
				CLANG_WARN_BOOL_CONVERSION = YES;
				CLANG_WARN_COMMA = YES;
				CLANG_WARN_CONSTANT_CONVERSION = YES;
				CLANG_WARN_DEPRECATED_OBJC_IMPLEMENTATIONS = YES;
				CLANG_WARN_DIRECT_OBJC_ISA_USAGE = YES_ERROR;
				CLANG_WARN_DOCUMENTATION_COMMENTS = YES;
				CLANG_WARN_EMPTY_BODY = YES;
				CLANG_WARN_ENUM_CONVERSION = YES;
				CLANG_WARN_INFINITE_RECURSION = YES;
				CLANG_WARN_INT_CONVERSION = YES;
				CLANG_WARN_NON_LITERAL_NULL_CONVERSION = YES;
				CLANG_WARN_OBJC_IMPLICIT_RETAIN_SELF = YES;
				CLANG_WARN_OBJC_LITERAL_CONVERSION = YES;
				CLANG_WARN_OBJC_ROOT_CLASS = YES_ERROR;
				CLANG_WARN_QUOTED_INCLUDE_IN_FRAMEWORK_HEADER = YES;
				CLANG_WARN_RANGE_LOOP_ANALYSIS = YES;
				CLANG_WARN_STRICT_PROTOTYPES = YES;
				CLANG_WARN_SUSPICIOUS_MOVE = YES;
				CLANG_WARN_UNGUARDED_AVAILABILITY = YES_AGGRESSIVE;
				CLANG_WARN_UNREACHABLE_CODE = YES;
				CLANG_WARN__DUPLICATE_METHOD_MATCH = YES;
				COPY_PHASE_STRIP = NO;
				DEBUG_INFORMATION_FORMAT = "dwarf-with-dsym";
				ENABLE_NS_ASSERTIONS = NO;
				ENABLE_STRICT_OBJC_MSGSEND = YES;
				ENABLE_USER_SCRIPT_SANDBOXING = YES;
				GCC_C_LANGUAGE_STANDARD = gnu17;
				GCC_NO_COMMON_BLOCKS = YES;
				GCC_WARN_64_TO_32_BIT_CONVERSION = YES;
				GCC_WARN_ABOUT_RETURN_TYPE = YES_ERROR;
				GCC_WARN_UNDECLARED_SELECTOR = YES;
				GCC_WARN_UNINITIALIZED_AUTOS = YES_AGGRESSIVE;
				GCC_WARN_UNUSED_FUNCTION = YES;
				GCC_WARN_UNUSED_VARIABLE = YES;
				IPHONEOS_DEPLOYMENT_TARGET = 18.2;
				LOCALIZATION_PREFERS_STRING_CATALOGS = YES;
				MTL_ENABLE_DEBUG_INFO = NO;
				MTL_FAST_MATH = YES;
				SDKROOT = iphoneos;
				SWIFT_COMPILATION_MODE = wholemodule;
				VALIDATE_PRODUCT = YES;
			};
			name = Release;
		};
		82FAB3E42DA7B6D90017D9B4 /* Debug */ = {
			isa = XCBuildConfiguration;
			buildSettings = {
				ASSETCATALOG_COMPILER_APPICON_NAME = AppIcon;
				ASSETCATALOG_COMPILER_GLOBAL_ACCENT_COLOR_NAME = AccentColor;
				CODE_SIGN_STYLE = Automatic;
				CURRENT_PROJECT_VERSION = 1;
				DEVELOPMENT_ASSET_PATHS = "\"PhoneValidationApp/Preview Content\"";
				DEVELOPMENT_TEAM = 957WS276E8;
				ENABLE_PREVIEWS = YES;
				GENERATE_INFOPLIST_FILE = YES;
				INFOPLIST_KEY_UIApplicationSceneManifest_Generation = YES;
				INFOPLIST_KEY_UIApplicationSupportsIndirectInputEvents = YES;
				INFOPLIST_KEY_UILaunchScreen_Generation = YES;
				INFOPLIST_KEY_UISupportedInterfaceOrientations_iPad = "UIInterfaceOrientationPortrait UIInterfaceOrientationPortraitUpsideDown UIInterfaceOrientationLandscapeLeft UIInterfaceOrientationLandscapeRight";
				INFOPLIST_KEY_UISupportedInterfaceOrientations_iPhone = "UIInterfaceOrientationPortrait UIInterfaceOrientationLandscapeLeft UIInterfaceOrientationLandscapeRight";
				LD_RUNPATH_SEARCH_PATHS = (
					"$(inherited)",
					"@executable_path/Frameworks",
				);
				MARKETING_VERSION = 1.0;
				PRODUCT_BUNDLE_IDENTIFIER = com.test.PhoneValidationApp;
				PRODUCT_NAME = "$(TARGET_NAME)";
				SWIFT_EMIT_LOC_STRINGS = YES;
				SWIFT_VERSION = 5.0;
				TARGETED_DEVICE_FAMILY = "1,2";
			};
			name = Debug;
		};
		82FAB3E52DA7B6D90017D9B4 /* Release */ = {
			isa = XCBuildConfiguration;
			buildSettings = {
				ASSETCATALOG_COMPILER_APPICON_NAME = AppIcon;
				ASSETCATALOG_COMPILER_GLOBAL_ACCENT_COLOR_NAME = AccentColor;
				CODE_SIGN_STYLE = Automatic;
				CURRENT_PROJECT_VERSION = 1;
				DEVELOPMENT_ASSET_PATHS = "\"PhoneValidationApp/Preview Content\"";
				DEVELOPMENT_TEAM = 957WS276E8;
				ENABLE_PREVIEWS = YES;
				GENERATE_INFOPLIST_FILE = YES;
				INFOPLIST_KEY_UIApplicationSceneManifest_Generation = YES;
				INFOPLIST_KEY_UIApplicationSupportsIndirectInputEvents = YES;
				INFOPLIST_KEY_UILaunchScreen_Generation = YES;
				INFOPLIST_KEY_UISupportedInterfaceOrientations_iPad = "UIInterfaceOrientationPortrait UIInterfaceOrientationPortraitUpsideDown UIInterfaceOrientationLandscapeLeft UIInterfaceOrientationLandscapeRight";
				INFOPLIST_KEY_UISupportedInterfaceOrientations_iPhone = "UIInterfaceOrientationPortrait UIInterfaceOrientationLandscapeLeft UIInterfaceOrientationLandscapeRight";
				LD_RUNPATH_SEARCH_PATHS = (
					"$(inherited)",
					"@executable_path/Frameworks",
				);
				MARKETING_VERSION = 1.0;
				PRODUCT_BUNDLE_IDENTIFIER = com.test.PhoneValidationApp;
				PRODUCT_NAME = "$(TARGET_NAME)";
				SWIFT_EMIT_LOC_STRINGS = YES;
				SWIFT_VERSION = 5.0;
				TARGETED_DEVICE_FAMILY = "1,2";
			};
			name = Release;
		};
		82FAB3E72DA7B6D90017D9B4 /* Debug */ = {
			isa = XCBuildConfiguration;
			buildSettings = {
				BUNDLE_LOADER = "$(TEST_HOST)";
				CODE_SIGN_STYLE = Automatic;
				CURRENT_PROJECT_VERSION = 1;
				DEVELOPMENT_TEAM = 957WS276E8;
				GENERATE_INFOPLIST_FILE = YES;
				IPHONEOS_DEPLOYMENT_TARGET = 18.2;
				MARKETING_VERSION = 1.0;
				PRODUCT_BUNDLE_IDENTIFIER = com.test.PhoneValidationAppTests;
				PRODUCT_NAME = "$(TARGET_NAME)";
				SWIFT_EMIT_LOC_STRINGS = NO;
				SWIFT_VERSION = 5.0;
				TARGETED_DEVICE_FAMILY = "1,2";
				TEST_HOST = "$(BUILT_PRODUCTS_DIR)/PhoneValidationApp.app/$(BUNDLE_EXECUTABLE_FOLDER_PATH)/PhoneValidationApp";
			};
			name = Debug;
		};
		82FAB3E82DA7B6D90017D9B4 /* Release */ = {
			isa = XCBuildConfiguration;
			buildSettings = {
				BUNDLE_LOADER = "$(TEST_HOST)";
				CODE_SIGN_STYLE = Automatic;
				CURRENT_PROJECT_VERSION = 1;
				DEVELOPMENT_TEAM = 957WS276E8;
				GENERATE_INFOPLIST_FILE = YES;
				IPHONEOS_DEPLOYMENT_TARGET = 18.2;
				MARKETING_VERSION = 1.0;
				PRODUCT_BUNDLE_IDENTIFIER = com.test.PhoneValidationAppTests;
				PRODUCT_NAME = "$(TARGET_NAME)";
				SWIFT_EMIT_LOC_STRINGS = NO;
				SWIFT_VERSION = 5.0;
				TARGETED_DEVICE_FAMILY = "1,2";
				TEST_HOST = "$(BUILT_PRODUCTS_DIR)/PhoneValidationApp.app/$(BUNDLE_EXECUTABLE_FOLDER_PATH)/PhoneValidationApp";
			};
			name = Release;
		};
		82FAB3EA2DA7B6D90017D9B4 /* Debug */ = {
			isa = XCBuildConfiguration;
			buildSettings = {
				CODE_SIGN_STYLE = Automatic;
				CURRENT_PROJECT_VERSION = 1;
				DEVELOPMENT_TEAM = 957WS276E8;
				GENERATE_INFOPLIST_FILE = YES;
				MARKETING_VERSION = 1.0;
				PRODUCT_BUNDLE_IDENTIFIER = com.test.PhoneValidationAppUITests;
				PRODUCT_NAME = "$(TARGET_NAME)";
				SWIFT_EMIT_LOC_STRINGS = NO;
				SWIFT_VERSION = 5.0;
				TARGETED_DEVICE_FAMILY = "1,2";
				TEST_TARGET_NAME = PhoneValidationApp;
			};
			name = Debug;
		};
		82FAB3EB2DA7B6D90017D9B4 /* Release */ = {
			isa = XCBuildConfiguration;
			buildSettings = {
				CODE_SIGN_STYLE = Automatic;
				CURRENT_PROJECT_VERSION = 1;
				DEVELOPMENT_TEAM = 957WS276E8;
				GENERATE_INFOPLIST_FILE = YES;
				MARKETING_VERSION = 1.0;
				PRODUCT_BUNDLE_IDENTIFIER = com.test.PhoneValidationAppUITests;
				PRODUCT_NAME = "$(TARGET_NAME)";
				SWIFT_EMIT_LOC_STRINGS = NO;
				SWIFT_VERSION = 5.0;
				TARGETED_DEVICE_FAMILY = "1,2";
				TEST_TARGET_NAME = PhoneValidationApp;
			};
			name = Release;
		};
/* End XCBuildConfiguration section */

/* Begin XCConfigurationList section */
		82FAB3BA2DA7B6D70017D9B4 /* Build configuration list for PBXProject "PhoneValidationApp" */ = {
			isa = XCConfigurationList;
			buildConfigurations = (
				82FAB3E12DA7B6D90017D9B4 /* Debug */,
				82FAB3E22DA7B6D90017D9B4 /* Release */,
			);
			defaultConfigurationIsVisible = 0;
			defaultConfigurationName = Release;
		};
		82FAB3E32DA7B6D90017D9B4 /* Build configuration list for PBXNativeTarget "PhoneValidationApp" */ = {
			isa = XCConfigurationList;
			buildConfigurations = (
				82FAB3E42DA7B6D90017D9B4 /* Debug */,
				82FAB3E52DA7B6D90017D9B4 /* Release */,
			);
			defaultConfigurationIsVisible = 0;
			defaultConfigurationName = Release;
		};
		82FAB3E62DA7B6D90017D9B4 /* Build configuration list for PBXNativeTarget "PhoneValidationAppTests" */ = {
			isa = XCConfigurationList;
			buildConfigurations = (
				82FAB3E72DA7B6D90017D9B4 /* Debug */,
				82FAB3E82DA7B6D90017D9B4 /* Release */,
			);
			defaultConfigurationIsVisible = 0;
			defaultConfigurationName = Release;
		};
		82FAB3E92DA7B6D90017D9B4 /* Build configuration list for PBXNativeTarget "PhoneValidationAppUITests" */ = {
			isa = XCConfigurationList;
			buildConfigurations = (
				82FAB3EA2DA7B6D90017D9B4 /* Debug */,
				82FAB3EB2DA7B6D90017D9B4 /* Release */,
			);
			defaultConfigurationIsVisible = 0;
			defaultConfigurationName = Release;
		};
/* End XCConfigurationList section */

/* Begin XCRemoteSwiftPackageReference section */
		82FAB3EC2DA7B73E0017D9B4 /* XCRemoteSwiftPackageReference "libPhoneNumber-iOS" */ = {
			isa = XCRemoteSwiftPackageReference;
			repositoryURL = "https://github.com/iziz/libPhoneNumber-iOS.git";
			requirement = {
				kind = upToNextMajorVersion;
				minimumVersion = 1.2.0;
			};
		};
		82FAB3EF2DA7B7990017D9B4 /* XCRemoteSwiftPackageReference "CountryPickerView" */ = {
			isa = XCRemoteSwiftPackageReference;
			repositoryURL = "https://github.com/kizitonwose/CountryPickerView.git";
			requirement = {
				kind = upToNextMajorVersion;
				minimumVersion = 3.3.0;
			};
		};
/* End XCRemoteSwiftPackageReference section */

/* Begin XCSwiftPackageProductDependency section */
		82FAB3ED2DA7B73E0017D9B4 /* libPhoneNumber */ = {
			isa = XCSwiftPackageProductDependency;
			package = 82FAB3EC2DA7B73E0017D9B4 /* XCRemoteSwiftPackageReference "libPhoneNumber-iOS" */;
			productName = libPhoneNumber;
		};
		82FAB3F02DA7B7990017D9B4 /* CountryPickerView */ = {
			isa = XCSwiftPackageProductDependency;
			package = 82FAB3EF2DA7B7990017D9B4 /* XCRemoteSwiftPackageReference "CountryPickerView" */;
			productName = CountryPickerView;
		};
/* End XCSwiftPackageProductDependency section */
	};
	rootObject = 82FAB3B72DA7B6D70017D9B4 /* Project object */;
}
